# This file is automatically @generated by Cargo.
# It is not intended for manual editing.
version = 3

[[package]]
name = "cli"
version = "0.0.1"
dependencies = [
 "parser",
]

[[package]]
name = "parser"
version = "0.0.1"
dependencies = [
 "peekmore",
]

[[package]]
name = "peekmore"
version = "1.1.0"
source = "registry+https://github.com/rust-lang/crates.io-index"
checksum = "af0fea59e10380d6cc719d1534d20a0c28134b28e5e81cf942c4c26d23227987"
